// !$*UTF8*$!
{
	archiveVersion = 1;
	classes = {
	};
	objectVersion = 55;
	objects = {

/* Begin PBXBuildFile section */
		A64A09C3294D62AD00F2974D /* SwiftNavigationApp.swift in Sources */ = {isa = PBXBuildFile; fileRef = A64A09C2294D62AD00F2974D /* SwiftNavigationApp.swift */; };
		A64A09C5294D62AD00F2974D /* ContentView.swift in Sources */ = {isa = PBXBuildFile; fileRef = A64A09C4294D62AD00F2974D /* ContentView.swift */; };
		A64A09C7294D62AF00F2974D /* Assets.xcassets in Resources */ = {isa = PBXBuildFile; fileRef = A64A09C6294D62AF00F2974D /* Assets.xcassets */; };
		A64A09CA294D62AF00F2974D /* Preview Assets.xcassets in Resources */ = {isa = PBXBuildFile; fileRef = A64A09C9294D62AF00F2974D /* Preview Assets.xcassets */; };
		A64A09D129520A5E00F2974D /* WeatherView.swift in Sources */ = {isa = PBXBuildFile; fileRef = A64A09D029520A5E00F2974D /* WeatherView.swift */; };
		A64A09D329520C2500F2974D /* WeatherService.swift in Sources */ = {isa = PBXBuildFile; fileRef = A64A09D229520C2500F2974D /* WeatherService.swift */; };
		A64A09D72952114A00F2974D /* WeatherModel.swift in Sources */ = {isa = PBXBuildFile; fileRef = A64A09D62952114A00F2974D /* WeatherModel.swift */; };
		A64A09FB2952248F00F2974D /* WeatherViewModel.swift in Sources */ = {isa = PBXBuildFile; fileRef = A64A09FA2952248F00F2974D /* WeatherViewModel.swift */; };
		A64A09FD2953755F00F2974D /* ListView.swift in Sources */ = {isa = PBXBuildFile; fileRef = A64A09FC2953755E00F2974D /* ListView.swift */; };
		A64A09FF2953780A00F2974D /* ListRowView.swift in Sources */ = {isa = PBXBuildFile; fileRef = A64A09FE2953780A00F2974D /* ListRowView.swift */; };
		A64A0A022953B90600F2974D /* AddView.swift in Sources */ = {isa = PBXBuildFile; fileRef = A64A0A012953B90600F2974D /* AddView.swift */; };
		A64A0A072953DA0600F2974D /* ItemModel.swift in Sources */ = {isa = PBXBuildFile; fileRef = A64A0A062953DA0600F2974D /* ItemModel.swift */; };
		A64A0A0B2954085D00F2974D /* ListViewModel.swift in Sources */ = {isa = PBXBuildFile; fileRef = A64A0A0A2954085D00F2974D /* ListViewModel.swift */; };
		A64A0A0F29560AEE00F2974D /* MainMenuSystem.swift in Sources */ = {isa = PBXBuildFile; fileRef = A64A0A0E29560AEE00F2974D /* MainMenuSystem.swift */; };
		A64A0A11295629F300F2974D /* CalendarView.swift in Sources */ = {isa = PBXBuildFile; fileRef = A64A0A10295629F300F2974D /* CalendarView.swift */; };
		A64A0A13295629FD00F2974D /* DateHolder.swift in Sources */ = {isa = PBXBuildFile; fileRef = A64A0A12295629FD00F2974D /* DateHolder.swift */; };
		A64A0A1729562A7E00F2974D /* DateScrollerView.swift in Sources */ = {isa = PBXBuildFile; fileRef = A64A0A1629562A7E00F2974D /* DateScrollerView.swift */; };
		A64A0A1A29562CFA00F2974D /* CalendarHelper.swift in Sources */ = {isa = PBXBuildFile; fileRef = A64A0A1929562CFA00F2974D /* CalendarHelper.swift */; };
		A64A0A1C2956591D00F2974D /* CalendarCell.swift in Sources */ = {isa = PBXBuildFile; fileRef = A64A0A1B2956591D00F2974D /* CalendarCell.swift */; };
		A64A0A1E29565A5E00F2974D /* MonthStruct.swift in Sources */ = {isa = PBXBuildFile; fileRef = A64A0A1D29565A5E00F2974D /* MonthStruct.swift */; };
		A64A0A2629567C4100F2974D /* Time.swift in Sources */ = {isa = PBXBuildFile; fileRef = A64A0A2529567C4100F2974D /* Time.swift */; };
		A6A5AA9C295CFFAF004EE594 /* AnimatedHeart.swift in Sources */ = {isa = PBXBuildFile; fileRef = A6A5AA9B295CFFAF004EE594 /* AnimatedHeart.swift */; };
		A6A5AA9E295FB1EC004EE594 /* Affirmation.swift in Sources */ = {isa = PBXBuildFile; fileRef = A6A5AA9D295FB1EC004EE594 /* Affirmation.swift */; };
/* End PBXBuildFile section */

/* Begin PBXFileReference section */
		A64A09BF294D62AD00F2974D /* SwiftNavigation.app */ = {isa = PBXFileReference; explicitFileType = wrapper.application; includeInIndex = 0; path = SwiftNavigation.app; sourceTree = BUILT_PRODUCTS_DIR; };
		A64A09C2294D62AD00F2974D /* SwiftNavigationApp.swift */ = {isa = PBXFileReference; lastKnownFileType = sourcecode.swift; path = SwiftNavigationApp.swift; sourceTree = "<group>"; };
		A64A09C4294D62AD00F2974D /* ContentView.swift */ = {isa = PBXFileReference; lastKnownFileType = sourcecode.swift; path = ContentView.swift; sourceTree = "<group>"; tabWidth = 2; };
		A64A09C6294D62AF00F2974D /* Assets.xcassets */ = {isa = PBXFileReference; lastKnownFileType = folder.assetcatalog; path = Assets.xcassets; sourceTree = "<group>"; };
		A64A09C9294D62AF00F2974D /* Preview Assets.xcassets */ = {isa = PBXFileReference; lastKnownFileType = folder.assetcatalog; path = "Preview Assets.xcassets"; sourceTree = "<group>"; };
		A64A09D029520A5E00F2974D /* WeatherView.swift */ = {isa = PBXFileReference; lastKnownFileType = sourcecode.swift; path = WeatherView.swift; sourceTree = "<group>"; };
		A64A09D229520C2500F2974D /* WeatherService.swift */ = {isa = PBXFileReference; lastKnownFileType = sourcecode.swift; path = WeatherService.swift; sourceTree = "<group>"; };
		A64A09D62952114A00F2974D /* WeatherModel.swift */ = {isa = PBXFileReference; lastKnownFileType = sourcecode.swift; path = WeatherModel.swift; sourceTree = "<group>"; };
		A64A09FA2952248F00F2974D /* WeatherViewModel.swift */ = {isa = PBXFileReference; lastKnownFileType = sourcecode.swift; path = WeatherViewModel.swift; sourceTree = "<group>"; };
		A64A09FC2953755E00F2974D /* ListView.swift */ = {isa = PBXFileReference; lastKnownFileType = sourcecode.swift; path = ListView.swift; sourceTree = "<group>"; };
		A64A09FE2953780A00F2974D /* ListRowView.swift */ = {isa = PBXFileReference; lastKnownFileType = sourcecode.swift; path = ListRowView.swift; sourceTree = "<group>"; };
		A64A0A012953B90600F2974D /* AddView.swift */ = {isa = PBXFileReference; lastKnownFileType = sourcecode.swift; path = AddView.swift; sourceTree = "<group>"; };
		A64A0A062953DA0600F2974D /* ItemModel.swift */ = {isa = PBXFileReference; lastKnownFileType = sourcecode.swift; path = ItemModel.swift; sourceTree = "<group>"; };
		A64A0A0A2954085D00F2974D /* ListViewModel.swift */ = {isa = PBXFileReference; lastKnownFileType = sourcecode.swift; path = ListViewModel.swift; sourceTree = "<group>"; };
		A64A0A0E29560AEE00F2974D /* MainMenuSystem.swift */ = {isa = PBXFileReference; lastKnownFileType = sourcecode.swift; path = MainMenuSystem.swift; sourceTree = "<group>"; };
		A64A0A10295629F300F2974D /* CalendarView.swift */ = {isa = PBXFileReference; lastKnownFileType = sourcecode.swift; path = CalendarView.swift; sourceTree = "<group>"; };
		A64A0A12295629FD00F2974D /* DateHolder.swift */ = {isa = PBXFileReference; lastKnownFileType = sourcecode.swift; path = DateHolder.swift; sourceTree = "<group>"; };
		A64A0A1629562A7E00F2974D /* DateScrollerView.swift */ = {isa = PBXFileReference; lastKnownFileType = sourcecode.swift; path = DateScrollerView.swift; sourceTree = "<group>"; };
		A64A0A1929562CFA00F2974D /* CalendarHelper.swift */ = {isa = PBXFileReference; lastKnownFileType = sourcecode.swift; path = CalendarHelper.swift; sourceTree = "<group>"; };
		A64A0A1B2956591D00F2974D /* CalendarCell.swift */ = {isa = PBXFileReference; lastKnownFileType = sourcecode.swift; path = CalendarCell.swift; sourceTree = "<group>"; };
		A64A0A1D29565A5E00F2974D /* MonthStruct.swift */ = {isa = PBXFileReference; lastKnownFileType = sourcecode.swift; path = MonthStruct.swift; sourceTree = "<group>"; };
		A64A0A2529567C4100F2974D /* Time.swift */ = {isa = PBXFileReference; lastKnownFileType = sourcecode.swift; path = Time.swift; sourceTree = "<group>"; };
		A6A5AA9B295CFFAF004EE594 /* AnimatedHeart.swift */ = {isa = PBXFileReference; lastKnownFileType = sourcecode.swift; path = AnimatedHeart.swift; sourceTree = "<group>"; };
		A6A5AA9D295FB1EC004EE594 /* Affirmation.swift */ = {isa = PBXFileReference; lastKnownFileType = sourcecode.swift; path = Affirmation.swift; sourceTree = "<group>"; };
/* End PBXFileReference section */

/* Begin PBXFrameworksBuildPhase section */
		A64A09BC294D62AD00F2974D /* Frameworks */ = {
			isa = PBXFrameworksBuildPhase;
			buildActionMask = 2147483647;
			files = (
			);
			runOnlyForDeploymentPostprocessing = 0;
		};
/* End PBXFrameworksBuildPhase section */

/* Begin PBXGroup section */
		A64A09B6294D62AD00F2974D = {
			isa = PBXGroup;
			children = (
				A64A09C1294D62AD00F2974D /* SwiftNavigation */,
				A64A09C0294D62AD00F2974D /* Products */,
			);
			sourceTree = "<group>";
		};
		A64A09C0294D62AD00F2974D /* Products */ = {
			isa = PBXGroup;
			children = (
				A64A09BF294D62AD00F2974D /* SwiftNavigation.app */,
			);
			name = Products;
			sourceTree = "<group>";
		};
		A64A09C1294D62AD00F2974D /* SwiftNavigation */ = {
			isa = PBXGroup;
			children = (
				A64A0A0E29560AEE00F2974D /* MainMenuSystem.swift */,
				A64A0A2529567C4100F2974D /* Time.swift */,
				A64A0A1829562A9700F2974D /* Calendar */,
				A64A09C2294D62AD00F2974D /* SwiftNavigationApp.swift */,
				A64A0A032953D86600F2974D /* ListModel */,
				A64A0A092954082A00F2974D /* ListViewModel */,
				A64A0A002953B79200F2974D /* ListViews */,
				A64A09C4294D62AD00F2974D /* ContentView.swift */,
				A64A0A0D29560A7D00F2974D /* Weather */,
				A64A09C6294D62AF00F2974D /* Assets.xcassets */,
				A64A09C8294D62AF00F2974D /* Preview Content */,
				A6A5AA9B295CFFAF004EE594 /* AnimatedHeart.swift */,
				A6A5AA9D295FB1EC004EE594 /* Affirmation.swift */,
			);
			path = SwiftNavigation;
			sourceTree = "<group>";
		};
		A64A09C8294D62AF00F2974D /* Preview Content */ = {
			isa = PBXGroup;
			children = (
				A64A09C9294D62AF00F2974D /* Preview Assets.xcassets */,
			);
			path = "Preview Content";
			sourceTree = "<group>";
		};
		A64A0A002953B79200F2974D /* ListViews */ = {
			isa = PBXGroup;
			children = (
				A64A09FC2953755E00F2974D /* ListView.swift */,
				A64A09FE2953780A00F2974D /* ListRowView.swift */,
				A64A0A012953B90600F2974D /* AddView.swift */,
			);
			path = ListViews;
			sourceTree = "<group>";
		};
		A64A0A032953D86600F2974D /* ListModel */ = {
			isa = PBXGroup;
			children = (
				A64A0A062953DA0600F2974D /* ItemModel.swift */,
			);
			path = ListModel;
			sourceTree = "<group>";
		};
		A64A0A092954082A00F2974D /* ListViewModel */ = {
			isa = PBXGroup;
			children = (
				A64A0A0A2954085D00F2974D /* ListViewModel.swift */,
			);
			path = ListViewModel;
			sourceTree = "<group>";
		};
		A64A0A0D29560A7D00F2974D /* Weather */ = {
			isa = PBXGroup;
			children = (
				A64A09FA2952248F00F2974D /* WeatherViewModel.swift */,
				A64A09D229520C2500F2974D /* WeatherService.swift */,
				A64A09D62952114A00F2974D /* WeatherModel.swift */,
				A64A09D029520A5E00F2974D /* WeatherView.swift */,
			);
			path = Weather;
			sourceTree = "<group>";
		};
		A64A0A1829562A9700F2974D /* Calendar */ = {
			isa = PBXGroup;
			children = (
				A64A0A1629562A7E00F2974D /* DateScrollerView.swift */,
				A64A0A12295629FD00F2974D /* DateHolder.swift */,
				A64A0A10295629F300F2974D /* CalendarView.swift */,
				A64A0A1B2956591D00F2974D /* CalendarCell.swift */,
				A64A0A1D29565A5E00F2974D /* MonthStruct.swift */,
				A64A0A1929562CFA00F2974D /* CalendarHelper.swift */,
			);
			path = Calendar;
			sourceTree = "<group>";
		};
/* End PBXGroup section */

/* Begin PBXNativeTarget section */
		A64A09BE294D62AD00F2974D /* SwiftNavigation */ = {
			isa = PBXNativeTarget;
			buildConfigurationList = A64A09CD294D62AF00F2974D /* Build configuration list for PBXNativeTarget "SwiftNavigation" */;
			buildPhases = (
				A64A09BB294D62AD00F2974D /* Sources */,
				A64A09BC294D62AD00F2974D /* Frameworks */,
				A64A09BD294D62AD00F2974D /* Resources */,
			);
			buildRules = (
			);
			dependencies = (
			);
			name = SwiftNavigation;
			productName = SwiftNavigation;
			productReference = A64A09BF294D62AD00F2974D /* SwiftNavigation.app */;
			productType = "com.apple.product-type.application";
		};
/* End PBXNativeTarget section */

/* Begin PBXProject section */
		A64A09B7294D62AD00F2974D /* Project object */ = {
			isa = PBXProject;
			attributes = {
				BuildIndependentTargetsInParallel = 1;
				LastSwiftUpdateCheck = 1340;
				LastUpgradeCheck = 1340;
				TargetAttributes = {
					A64A09BE294D62AD00F2974D = {
						CreatedOnToolsVersion = 13.4.1;
					};
				};
			};
			buildConfigurationList = A64A09BA294D62AD00F2974D /* Build configuration list for PBXProject "SwiftNavigation" */;
			compatibilityVersion = "Xcode 13.0";
			developmentRegion = en;
			hasScannedForEncodings = 0;
			knownRegions = (
				en,
				Base,
			);
			mainGroup = A64A09B6294D62AD00F2974D;
			productRefGroup = A64A09C0294D62AD00F2974D /* Products */;
			projectDirPath = "";
			projectRoot = "";
			targets = (
				A64A09BE294D62AD00F2974D /* SwiftNavigation */,
			);
		};
/* End PBXProject section */

/* Begin PBXResourcesBuildPhase section */
		A64A09BD294D62AD00F2974D /* Resources */ = {
			isa = PBXResourcesBuildPhase;
			buildActionMask = 2147483647;
			files = (
				A64A09CA294D62AF00F2974D /* Preview Assets.xcassets in Resources */,
				A64A09C7294D62AF00F2974D /* Assets.xcassets in Resources */,
			);
			runOnlyForDeploymentPostprocessing = 0;
		};
/* End PBXResourcesBuildPhase section */

/* Begin PBXSourcesBuildPhase section */
		A64A09BB294D62AD00F2974D /* Sources */ = {
			isa = PBXSourcesBuildPhase;
			buildActionMask = 2147483647;
			files = (
				A64A0A072953DA0600F2974D /* ItemModel.swift in Sources */,
				A6A5AA9C295CFFAF004EE594 /* AnimatedHeart.swift in Sources */,
				A64A0A1C2956591D00F2974D /* CalendarCell.swift in Sources */,
				A64A09D329520C2500F2974D /* WeatherService.swift in Sources */,
				A64A09FB2952248F00F2974D /* WeatherViewModel.swift in Sources */,
				A64A0A022953B90600F2974D /* AddView.swift in Sources */,
				A64A0A1E29565A5E00F2974D /* MonthStruct.swift in Sources */,
				A64A09C5294D62AD00F2974D /* ContentView.swift in Sources */,
				A64A09FF2953780A00F2974D /* ListRowView.swift in Sources */,
				A64A0A11295629F300F2974D /* CalendarView.swift in Sources */,
				A64A0A13295629FD00F2974D /* DateHolder.swift in Sources */,
				A64A09FD2953755F00F2974D /* ListView.swift in Sources */,
				A64A0A1A29562CFA00F2974D /* CalendarHelper.swift in Sources */,
				A64A09D129520A5E00F2974D /* WeatherView.swift in Sources */,
				A64A09C3294D62AD00F2974D /* SwiftNavigationApp.swift in Sources */,
				A64A0A1729562A7E00F2974D /* DateScrollerView.swift in Sources */,
				A6A5AA9E295FB1EC004EE594 /* Affirmation.swift in Sources */,
				A64A09D72952114A00F2974D /* WeatherModel.swift in Sources */,
				A64A0A0F29560AEE00F2974D /* MainMenuSystem.swift in Sources */,
				A64A0A2629567C4100F2974D /* Time.swift in Sources */,
				A64A0A0B2954085D00F2974D /* ListViewModel.swift in Sources */,
			);
			runOnlyForDeploymentPostprocessing = 0;
		};
/* End PBXSourcesBuildPhase section */

/* Begin XCBuildConfiguration section */
		A64A09CB294D62AF00F2974D /* Debug */ = {
			isa = XCBuildConfiguration;
			buildSettings = {
				ALWAYS_SEARCH_USER_PATHS = NO;
				CLANG_ANALYZER_NONNULL = YES;
				CLANG_ANALYZER_NUMBER_OBJECT_CONVERSION = YES_AGGRESSIVE;
				CLANG_CXX_LANGUAGE_STANDARD = "gnu++17";
				CLANG_ENABLE_MODULES = YES;
				CLANG_ENABLE_OBJC_ARC = YES;
				CLANG_ENABLE_OBJC_WEAK = YES;
				CLANG_WARN_BLOCK_CAPTURE_AUTORELEASING = YES;
				CLANG_WARN_BOOL_CONVERSION = YES;
				CLANG_WARN_COMMA = YES;
				CLANG_WARN_CONSTANT_CONVERSION = YES;
				CLANG_WARN_DEPRECATED_OBJC_IMPLEMENTATIONS = YES;
				CLANG_WARN_DIRECT_OBJC_ISA_USAGE = YES_ERROR;
				CLANG_WARN_DOCUMENTATION_COMMENTS = YES;
				CLANG_WARN_EMPTY_BODY = YES;
				CLANG_WARN_ENUM_CONVERSION = YES;
				CLANG_WARN_INFINITE_RECURSION = YES;
				CLANG_WARN_INT_CONVERSION = YES;
				CLANG_WARN_NON_LITERAL_NULL_CONVERSION = YES;
				CLANG_WARN_OBJC_IMPLICIT_RETAIN_SELF = YES;
				CLANG_WARN_OBJC_LITERAL_CONVERSION = YES;
				CLANG_WARN_OBJC_ROOT_CLASS = YES_ERROR;
				CLANG_WARN_QUOTED_INCLUDE_IN_FRAMEWORK_HEADER = YES;
				CLANG_WARN_RANGE_LOOP_ANALYSIS = YES;
				CLANG_WARN_STRICT_PROTOTYPES = YES;
				CLANG_WARN_SUSPICIOUS_MOVE = YES;
				CLANG_WARN_UNGUARDED_AVAILABILITY = YES_AGGRESSIVE;
				CLANG_WARN_UNREACHABLE_CODE = YES;
				CLANG_WARN__DUPLICATE_METHOD_MATCH = YES;
				COPY_PHASE_STRIP = NO;
				DEBUG_INFORMATION_FORMAT = dwarf;
				ENABLE_STRICT_OBJC_MSGSEND = YES;
				ENABLE_TESTABILITY = YES;
				GCC_C_LANGUAGE_STANDARD = gnu11;
				GCC_DYNAMIC_NO_PIC = NO;
				GCC_NO_COMMON_BLOCKS = YES;
				GCC_OPTIMIZATION_LEVEL = 0;
				GCC_PREPROCESSOR_DEFINITIONS = (
					"DEBUG=1",
					"$(inherited)",
				);
				GCC_WARN_64_TO_32_BIT_CONVERSION = YES;
				GCC_WARN_ABOUT_RETURN_TYPE = YES_ERROR;
				GCC_WARN_UNDECLARED_SELECTOR = YES;
				GCC_WARN_UNINITIALIZED_AUTOS = YES_AGGRESSIVE;
				GCC_WARN_UNUSED_FUNCTION = YES;
				GCC_WARN_UNUSED_VARIABLE = YES;
				IPHONEOS_DEPLOYMENT_TARGET = 15.5;
				MTL_ENABLE_DEBUG_INFO = INCLUDE_SOURCE;
				MTL_FAST_MATH = YES;
				ONLY_ACTIVE_ARCH = YES;
				SDKROOT = iphoneos;
				SWIFT_ACTIVE_COMPILATION_CONDITIONS = DEBUG;
				SWIFT_OPTIMIZATION_LEVEL = "-Onone";
			};
			name = Debug;
		};
		A64A09CC294D62AF00F2974D /* Release */ = {
			isa = XCBuildConfiguration;
			buildSettings = {
				ALWAYS_SEARCH_USER_PATHS = NO;
				CLANG_ANALYZER_NONNULL = YES;
				CLANG_ANALYZER_NUMBER_OBJECT_CONVERSION = YES_AGGRESSIVE;
				CLANG_CXX_LANGUAGE_STANDARD = "gnu++17";
				CLANG_ENABLE_MODULES = YES;
				CLANG_ENABLE_OBJC_ARC = YES;
				CLANG_ENABLE_OBJC_WEAK = YES;
				CLANG_WARN_BLOCK_CAPTURE_AUTORELEASING = YES;
				CLANG_WARN_BOOL_CONVERSION = YES;
				CLANG_WARN_COMMA = YES;
				CLANG_WARN_CONSTANT_CONVERSION = YES;
				CLANG_WARN_DEPRECATED_OBJC_IMPLEMENTATIONS = YES;
				CLANG_WARN_DIRECT_OBJC_ISA_USAGE = YES_ERROR;
				CLANG_WARN_DOCUMENTATION_COMMENTS = YES;
				CLANG_WARN_EMPTY_BODY = YES;
				CLANG_WARN_ENUM_CONVERSION = YES;
				CLANG_WARN_INFINITE_RECURSION = YES;
				CLANG_WARN_INT_CONVERSION = YES;
				CLANG_WARN_NON_LITERAL_NULL_CONVERSION = YES;
				CLANG_WARN_OBJC_IMPLICIT_RETAIN_SELF = YES;
				CLANG_WARN_OBJC_LITERAL_CONVERSION = YES;
				CLANG_WARN_OBJC_ROOT_CLASS = YES_ERROR;
				CLANG_WARN_QUOTED_INCLUDE_IN_FRAMEWORK_HEADER = YES;
				CLANG_WARN_RANGE_LOOP_ANALYSIS = YES;
				CLANG_WARN_STRICT_PROTOTYPES = YES;
				CLANG_WARN_SUSPICIOUS_MOVE = YES;
				CLANG_WARN_UNGUARDED_AVAILABILITY = YES_AGGRESSIVE;
				CLANG_WARN_UNREACHABLE_CODE = YES;
				CLANG_WARN__DUPLICATE_METHOD_MATCH = YES;
				COPY_PHASE_STRIP = NO;
				DEBUG_INFORMATION_FORMAT = "dwarf-with-dsym";
				ENABLE_NS_ASSERTIONS = NO;
				ENABLE_STRICT_OBJC_MSGSEND = YES;
				GCC_C_LANGUAGE_STANDARD = gnu11;
				GCC_NO_COMMON_BLOCKS = YES;
				GCC_WARN_64_TO_32_BIT_CONVERSION = YES;
				GCC_WARN_ABOUT_RETURN_TYPE = YES_ERROR;
				GCC_WARN_UNDECLARED_SELECTOR = YES;
				GCC_WARN_UNINITIALIZED_AUTOS = YES_AGGRESSIVE;
				GCC_WARN_UNUSED_FUNCTION = YES;
				GCC_WARN_UNUSED_VARIABLE = YES;
				IPHONEOS_DEPLOYMENT_TARGET = 15.5;
				MTL_ENABLE_DEBUG_INFO = NO;
				MTL_FAST_MATH = YES;
				SDKROOT = iphoneos;
				SWIFT_COMPILATION_MODE = wholemodule;
				SWIFT_OPTIMIZATION_LEVEL = "-O";
				VALIDATE_PRODUCT = YES;
			};
			name = Release;
		};
		A64A09CE294D62AF00F2974D /* Debug */ = {
			isa = XCBuildConfiguration;
			buildSettings = {
				ASSETCATALOG_COMPILER_GLOBAL_ACCENT_COLOR_NAME = AccentColor;
				CODE_SIGN_STYLE = Automatic;
				CREATE_INFOPLIST_SECTION_IN_BINARY = NO;
				CURRENT_PROJECT_VERSION = 1;
				DEVELOPMENT_ASSET_PATHS = "";
				ENABLE_PREVIEWS = YES;
				GENERATE_INFOPLIST_FILE = YES;
				INFOPLIST_KEY_NSLocationWhenInUseUsageDescription = "This app requires your location to provide weather data.";
				INFOPLIST_KEY_UIApplicationSceneManifest_Generation = YES;
				INFOPLIST_KEY_UIApplicationSupportsIndirectInputEvents = YES;
				INFOPLIST_KEY_UILaunchScreen_Generation = YES;
				INFOPLIST_KEY_UISupportedInterfaceOrientations_iPad = "UIInterfaceOrientationPortrait UIInterfaceOrientationPortraitUpsideDown UIInterfaceOrientationLandscapeLeft UIInterfaceOrientationLandscapeRight";
				INFOPLIST_KEY_UISupportedInterfaceOrientations_iPhone = "UIInterfaceOrientationPortrait UIInterfaceOrientationLandscapeLeft UIInterfaceOrientationLandscapeRight";
				LD_RUNPATH_SEARCH_PATHS = (
					"$(inherited)",
					"@executable_path/Frameworks",
				);
				MARKETING_VERSION = 1.0;
				PRODUCT_BUNDLE_IDENTIFIER = random.Cody.SwiftNavigation;
				PRODUCT_NAME = "$(TARGET_NAME)";
				SWIFT_EMIT_LOC_STRINGS = YES;
				SWIFT_VERSION = 5.0;
				TARGETED_DEVICE_FAMILY = "1,2";
			};
			name = Debug;
		};
		A64A09CF294D62AF00F2974D /* Release */ = {
			isa = XCBuildConfiguration;
			buildSettings = {
				ASSETCATALOG_COMPILER_GLOBAL_ACCENT_COLOR_NAME = AccentColor;
				CODE_SIGN_STYLE = Automatic;
				CREATE_INFOPLIST_SECTION_IN_BINARY = NO;
				CURRENT_PROJECT_VERSION = 1;
				DEVELOPMENT_ASSET_PATHS = "";
				ENABLE_PREVIEWS = YES;
				GENERATE_INFOPLIST_FILE = YES;
				INFOPLIST_KEY_NSLocationWhenInUseUsageDescription = "This app requires your location to provide weather data.";
				INFOPLIST_KEY_UIApplicationSceneManifest_Generation = YES;
				INFOPLIST_KEY_UIApplicationSupportsIndirectInputEvents = YES;
				INFOPLIST_KEY_UILaunchScreen_Generation = YES;
				INFOPLIST_KEY_UISupportedInterfaceOrientations_iPad = "UIInterfaceOrientationPortrait UIInterfaceOrientationPortraitUpsideDown UIInterfaceOrientationLandscapeLeft UIInterfaceOrientationLandscapeRight";
				INFOPLIST_KEY_UISupportedInterfaceOrientations_iPhone = "UIInterfaceOrientationPortrait UIInterfaceOrientationLandscapeLeft UIInterfaceOrientationLandscapeRight";
				LD_RUNPATH_SEARCH_PATHS = (
					"$(inherited)",
					"@executable_path/Frameworks",
				);
				MARKETING_VERSION = 1.0;
				PRODUCT_BUNDLE_IDENTIFIER = random.Cody.SwiftNavigation;
				PRODUCT_NAME = "$(TARGET_NAME)";
				SWIFT_EMIT_LOC_STRINGS = YES;
				SWIFT_VERSION = 5.0;
				TARGETED_DEVICE_FAMILY = "1,2";
			};
			name = Release;
		};
/* End XCBuildConfiguration section */

/* Begin XCConfigurationList section */
		A64A09BA294D62AD00F2974D /* Build configuration list for PBXProject "SwiftNavigation" */ = {
			isa = XCConfigurationList;
			buildConfigurations = (
				A64A09CB294D62AF00F2974D /* Debug */,
				A64A09CC294D62AF00F2974D /* Release */,
			);
			defaultConfigurationIsVisible = 0;
			defaultConfigurationName = Release;
		};
		A64A09CD294D62AF00F2974D /* Build configuration list for PBXNativeTarget "SwiftNavigation" */ = {
			isa = XCConfigurationList;
			buildConfigurations = (
				A64A09CE294D62AF00F2974D /* Debug */,
				A64A09CF294D62AF00F2974D /* Release */,
			);
			defaultConfigurationIsVisible = 0;
			defaultConfigurationName = Release;
		};
/* End XCConfigurationList section */
	};
	rootObject = A64A09B7294D62AD00F2974D /* Project object */;
}
